// !$*UTF8*$!
{
	archiveVersion = 1;
	classes = {
	};
	objectVersion = 50;
	objects = {

/* Begin PBXBuildFile section */
		C08E634D2269E52100416D19 /* CustomKeyboard.storyboard in Resources */ = {isa = PBXBuildFile; fileRef = C08E634C2269E52100416D19 /* CustomKeyboard.storyboard */; };
		C08E634F2269E53E00416D19 /* CustomKeyboardViewController.swift in Sources */ = {isa = PBXBuildFile; fileRef = C08E634E2269E53E00416D19 /* CustomKeyboardViewController.swift */; };
		C08E63552269EA3400416D19 /* ContentControllerOverlay.swift in Sources */ = {isa = PBXBuildFile; fileRef = C08E63522269EA3400416D19 /* ContentControllerOverlay.swift */; };
		C08E63562269EA3400416D19 /* CustomView.swift in Sources */ = {isa = PBXBuildFile; fileRef = C08E63532269EA3400416D19 /* CustomView.swift */; };
		C08E63572269EA3400416D19 /* ContentControllerView.swift in Sources */ = {isa = PBXBuildFile; fileRef = C08E63542269EA3400416D19 /* ContentControllerView.swift */; };
		C08E63592269EE4000416D19 /* CustomKeyboardCollectionViewCell.swift in Sources */ = {isa = PBXBuildFile; fileRef = C08E63582269EE4000416D19 /* CustomKeyboardCollectionViewCell.swift */; };
		C08E635B226CE5A800416D19 /* KeyboardButtons.swift in Sources */ = {isa = PBXBuildFile; fileRef = C08E635A226CE5A800416D19 /* KeyboardButtons.swift */; };
		C08E63612271822800416D19 /* KeyboardManager.swift in Sources */ = {isa = PBXBuildFile; fileRef = C08E63602271822800416D19 /* KeyboardManager.swift */; };
		C08E637F2271B27C00416D19 /* ExtrasColor+Conversions.swift in Sources */ = {isa = PBXBuildFile; fileRef = C08E63662271B27C00416D19 /* ExtrasColor+Conversions.swift */; };
		C08E63802271B27C00416D19 /* ExtrasColor.swift in Sources */ = {isa = PBXBuildFile; fileRef = C08E63672271B27C00416D19 /* ExtrasColor.swift */; };
		C08E63812271B27C00416D19 /* ExtrasUIBezierPath+Lines.swift in Sources */ = {isa = PBXBuildFile; fileRef = C08E63692271B27C00416D19 /* ExtrasUIBezierPath+Lines.swift */; };
		C08E63822271B27C00416D19 /* ExtrasUIBezierPath.swift in Sources */ = {isa = PBXBuildFile; fileRef = C08E636A2271B27C00416D19 /* ExtrasUIBezierPath.swift */; };
		C08E63832271B27C00416D19 /* ExtrasDate+Tools.swift in Sources */ = {isa = PBXBuildFile; fileRef = C08E636C2271B27C00416D19 /* ExtrasDate+Tools.swift */; };
		C08E63842271B27C00416D19 /* ExtrasDate.swift in Sources */ = {isa = PBXBuildFile; fileRef = C08E636D2271B27C00416D19 /* ExtrasDate.swift */; };
		C08E63852271B27C00416D19 /* ExtrasCGPoint.swift in Sources */ = {isa = PBXBuildFile; fileRef = C08E636F2271B27C00416D19 /* ExtrasCGPoint.swift */; };
		C08E63862271B27C00416D19 /* ExtrasCGPoint+Common.swift in Sources */ = {isa = PBXBuildFile; fileRef = C08E63702271B27C00416D19 /* ExtrasCGPoint+Common.swift */; };
		C08E63872271B27C00416D19 /* ExtrasCGFloat+Random.swift in Sources */ = {isa = PBXBuildFile; fileRef = C08E63722271B27C00416D19 /* ExtrasCGFloat+Random.swift */; };
		C08E63882271B27C00416D19 /* ExtrasCGFloat.swift in Sources */ = {isa = PBXBuildFile; fileRef = C08E63732271B27C00416D19 /* ExtrasCGFloat.swift */; };
		C08E63892271B27C00416D19 /* ExtrasCGFloat+Formatting.swift in Sources */ = {isa = PBXBuildFile; fileRef = C08E63742271B27C00416D19 /* ExtrasCGFloat+Formatting.swift */; };
		C08E638A2271B27C00416D19 /* ExtrasCGRect+Common.swift in Sources */ = {isa = PBXBuildFile; fileRef = C08E63762271B27C00416D19 /* ExtrasCGRect+Common.swift */; };
		C08E638B2271B27C00416D19 /* ExtrasCGRect.swift in Sources */ = {isa = PBXBuildFile; fileRef = C08E63772271B27C00416D19 /* ExtrasCGRect.swift */; };
		C08E638C2271B27C00416D19 /* ExtrasUIView.swift in Sources */ = {isa = PBXBuildFile; fileRef = C08E63792271B27C00416D19 /* ExtrasUIView.swift */; };
		C08E638D2271B27C00416D19 /* ExtrasUIView+Shake.swift in Sources */ = {isa = PBXBuildFile; fileRef = C08E637A2271B27C00416D19 /* ExtrasUIView+Shake.swift */; };
		C08E638E2271B27C00416D19 /* ExtrasUIView+Snapshot.swift in Sources */ = {isa = PBXBuildFile; fileRef = C08E637B2271B27C00416D19 /* ExtrasUIView+Snapshot.swift */; };
		C08E638F2271B27C00416D19 /* ExtrasUIView+Frame.swift in Sources */ = {isa = PBXBuildFile; fileRef = C08E637C2271B27C00416D19 /* ExtrasUIView+Frame.swift */; };
		C08E63902271B27C00416D19 /* ExtrasUIView+ApplyText.swift in Sources */ = {isa = PBXBuildFile; fileRef = C08E637D2271B27C00416D19 /* ExtrasUIView+ApplyText.swift */; };
		C08E63912271B27C00416D19 /* ExtrasUIView+HiddenAnimations.swift in Sources */ = {isa = PBXBuildFile; fileRef = C08E637E2271B27C00416D19 /* ExtrasUIView+HiddenAnimations.swift */; };
		C08E63982271B38E00416D19 /* ExtrasUIView+ScrollView.swift in Sources */ = {isa = PBXBuildFile; fileRef = C08E63972271B38E00416D19 /* ExtrasUIView+ScrollView.swift */; };
		C08E639A2271B55A00416D19 /* ExtrasUIView+Keyboard.swift in Sources */ = {isa = PBXBuildFile; fileRef = C08E63992271B55A00416D19 /* ExtrasUIView+Keyboard.swift */; };
		C08E639C2272E9F700416D19 /* Equation.swift in Sources */ = {isa = PBXBuildFile; fileRef = C08E639B2272E9F700416D19 /* Equation.swift */; };
		C08E639E22732A9500416D19 /* MathEquationViewController.swift in Sources */ = {isa = PBXBuildFile; fileRef = C08E639D22732A9500416D19 /* MathEquationViewController.swift */; };
		C0BD61B2225F7D8100E48081 /* AppDelegate.swift in Sources */ = {isa = PBXBuildFile; fileRef = C0BD61B1225F7D8100E48081 /* AppDelegate.swift */; };
		C0BD61B4225F7D8100E48081 /* ViewController.swift in Sources */ = {isa = PBXBuildFile; fileRef = C0BD61B3225F7D8100E48081 /* ViewController.swift */; };
		C0BD61B7225F7D8100E48081 /* Main.storyboard in Resources */ = {isa = PBXBuildFile; fileRef = C0BD61B5225F7D8100E48081 /* Main.storyboard */; };
		C0BD61B9225F7D8300E48081 /* Assets.xcassets in Resources */ = {isa = PBXBuildFile; fileRef = C0BD61B8225F7D8300E48081 /* Assets.xcassets */; };
		C0BD61BC225F7D8300E48081 /* LaunchScreen.storyboard in Resources */ = {isa = PBXBuildFile; fileRef = C0BD61BA225F7D8300E48081 /* LaunchScreen.storyboard */; };
		C0BD61CA226379B500E48081 /* LogInViewController.swift in Sources */ = {isa = PBXBuildFile; fileRef = C0BD61C9226379B500E48081 /* LogInViewController.swift */; };
		C0BD61CD22637FCA00E48081 /* LoadingViewController.swift in Sources */ = {isa = PBXBuildFile; fileRef = C0BD61CC22637FCA00E48081 /* LoadingViewController.swift */; };
		C0BD61CF2263800A00E48081 /* Loading.storyboard in Resources */ = {isa = PBXBuildFile; fileRef = C0BD61CE2263800A00E48081 /* Loading.storyboard */; };
		C0BD61D12263849500E48081 /* LoggedInViewController.swift in Sources */ = {isa = PBXBuildFile; fileRef = C0BD61D02263849500E48081 /* LoggedInViewController.swift */; };
		C0BD61D32263895E00E48081 /* ErrorMessage.swift in Sources */ = {isa = PBXBuildFile; fileRef = C0BD61D22263895E00E48081 /* ErrorMessage.swift */; };
		C0BD61D62263BEA000E48081 /* R.generated.swift in Sources */ = {isa = PBXBuildFile; fileRef = C0BD61D52263BEA000E48081 /* R.generated.swift */; };
		C0BD61DA22645A4300E48081 /* ParseManager.swift in Sources */ = {isa = PBXBuildFile; fileRef = C0BD61D922645A4300E48081 /* ParseManager.swift */; };
		C0BD61DD226475DC00E48081 /* Appearence.swift in Sources */ = {isa = PBXBuildFile; fileRef = C0BD61DC226475DC00E48081 /* Appearence.swift */; };
		C0BD61DF2264829A00E48081 /* LoggedInViewControllerTableViewCell.swift in Sources */ = {isa = PBXBuildFile; fileRef = C0BD61DE2264829A00E48081 /* LoggedInViewControllerTableViewCell.swift */; };
		C0BD61E1226485E100E48081 /* TaskViewController.swift in Sources */ = {isa = PBXBuildFile; fileRef = C0BD61E0226485E100E48081 /* TaskViewController.swift */; };
		C0BD61EB226720ED00E48081 /* Task.swift in Sources */ = {isa = PBXBuildFile; fileRef = C0BD61EA226720ED00E48081 /* Task.swift */; };
		C0BD61ED2267213800E48081 /* ParseObject.swift in Sources */ = {isa = PBXBuildFile; fileRef = C0BD61EC2267213800E48081 /* ParseObject.swift */; };
		C0BD61EF226735ED00E48081 /* User.swift in Sources */ = {isa = PBXBuildFile; fileRef = C0BD61EE226735ED00E48081 /* User.swift */; };
		F93D774708A2C343CD454B9F /* Pods_MathPortal.framework in Frameworks */ = {isa = PBXBuildFile; fileRef = 7DA3067A6E73B798E2BC9266 /* Pods_MathPortal.framework */; };
/* End PBXBuildFile section */

/* Begin PBXFileReference section */
		7DA3067A6E73B798E2BC9266 /* Pods_MathPortal.framework */ = {isa = PBXFileReference; explicitFileType = wrapper.framework; includeInIndex = 0; path = Pods_MathPortal.framework; sourceTree = BUILT_PRODUCTS_DIR; };
		AF6DD9B84DA0E639CB01DA22 /* Pods-MathPortal.release.xcconfig */ = {isa = PBXFileReference; includeInIndex = 1; lastKnownFileType = text.xcconfig; name = "Pods-MathPortal.release.xcconfig"; path = "Target Support Files/Pods-MathPortal/Pods-MathPortal.release.xcconfig"; sourceTree = "<group>"; };
		C08E634C2269E52100416D19 /* CustomKeyboard.storyboard */ = {isa = PBXFileReference; lastKnownFileType = file.storyboard; path = CustomKeyboard.storyboard; sourceTree = "<group>"; };
		C08E634E2269E53E00416D19 /* CustomKeyboardViewController.swift */ = {isa = PBXFileReference; lastKnownFileType = sourcecode.swift; path = CustomKeyboardViewController.swift; sourceTree = "<group>"; };
		C08E63522269EA3400416D19 /* ContentControllerOverlay.swift */ = {isa = PBXFileReference; fileEncoding = 4; lastKnownFileType = sourcecode.swift; path = ContentControllerOverlay.swift; sourceTree = "<group>"; };
		C08E63532269EA3400416D19 /* CustomView.swift */ = {isa = PBXFileReference; fileEncoding = 4; lastKnownFileType = sourcecode.swift; path = CustomView.swift; sourceTree = "<group>"; };
		C08E63542269EA3400416D19 /* ContentControllerView.swift */ = {isa = PBXFileReference; fileEncoding = 4; lastKnownFileType = sourcecode.swift; path = ContentControllerView.swift; sourceTree = "<group>"; };
		C08E63582269EE4000416D19 /* CustomKeyboardCollectionViewCell.swift */ = {isa = PBXFileReference; lastKnownFileType = sourcecode.swift; path = CustomKeyboardCollectionViewCell.swift; sourceTree = "<group>"; };
		C08E635A226CE5A800416D19 /* KeyboardButtons.swift */ = {isa = PBXFileReference; lastKnownFileType = sourcecode.swift; path = KeyboardButtons.swift; sourceTree = "<group>"; };
		C08E63602271822800416D19 /* KeyboardManager.swift */ = {isa = PBXFileReference; fileEncoding = 4; lastKnownFileType = sourcecode.swift; path = KeyboardManager.swift; sourceTree = "<group>"; };
		C08E63662271B27C00416D19 /* ExtrasColor+Conversions.swift */ = {isa = PBXFileReference; fileEncoding = 4; lastKnownFileType = sourcecode.swift; path = "ExtrasColor+Conversions.swift"; sourceTree = "<group>"; };
		C08E63672271B27C00416D19 /* ExtrasColor.swift */ = {isa = PBXFileReference; fileEncoding = 4; lastKnownFileType = sourcecode.swift; path = ExtrasColor.swift; sourceTree = "<group>"; };
		C08E63692271B27C00416D19 /* ExtrasUIBezierPath+Lines.swift */ = {isa = PBXFileReference; fileEncoding = 4; lastKnownFileType = sourcecode.swift; path = "ExtrasUIBezierPath+Lines.swift"; sourceTree = "<group>"; };
		C08E636A2271B27C00416D19 /* ExtrasUIBezierPath.swift */ = {isa = PBXFileReference; fileEncoding = 4; lastKnownFileType = sourcecode.swift; path = ExtrasUIBezierPath.swift; sourceTree = "<group>"; };
		C08E636C2271B27C00416D19 /* ExtrasDate+Tools.swift */ = {isa = PBXFileReference; fileEncoding = 4; lastKnownFileType = sourcecode.swift; path = "ExtrasDate+Tools.swift"; sourceTree = "<group>"; };
		C08E636D2271B27C00416D19 /* ExtrasDate.swift */ = {isa = PBXFileReference; fileEncoding = 4; lastKnownFileType = sourcecode.swift; path = ExtrasDate.swift; sourceTree = "<group>"; };
		C08E636F2271B27C00416D19 /* ExtrasCGPoint.swift */ = {isa = PBXFileReference; fileEncoding = 4; lastKnownFileType = sourcecode.swift; path = ExtrasCGPoint.swift; sourceTree = "<group>"; };
		C08E63702271B27C00416D19 /* ExtrasCGPoint+Common.swift */ = {isa = PBXFileReference; fileEncoding = 4; lastKnownFileType = sourcecode.swift; path = "ExtrasCGPoint+Common.swift"; sourceTree = "<group>"; };
		C08E63722271B27C00416D19 /* ExtrasCGFloat+Random.swift */ = {isa = PBXFileReference; fileEncoding = 4; lastKnownFileType = sourcecode.swift; path = "ExtrasCGFloat+Random.swift"; sourceTree = "<group>"; };
		C08E63732271B27C00416D19 /* ExtrasCGFloat.swift */ = {isa = PBXFileReference; fileEncoding = 4; lastKnownFileType = sourcecode.swift; path = ExtrasCGFloat.swift; sourceTree = "<group>"; };
		C08E63742271B27C00416D19 /* ExtrasCGFloat+Formatting.swift */ = {isa = PBXFileReference; fileEncoding = 4; lastKnownFileType = sourcecode.swift; path = "ExtrasCGFloat+Formatting.swift"; sourceTree = "<group>"; };
		C08E63762271B27C00416D19 /* ExtrasCGRect+Common.swift */ = {isa = PBXFileReference; fileEncoding = 4; lastKnownFileType = sourcecode.swift; path = "ExtrasCGRect+Common.swift"; sourceTree = "<group>"; };
		C08E63772271B27C00416D19 /* ExtrasCGRect.swift */ = {isa = PBXFileReference; fileEncoding = 4; lastKnownFileType = sourcecode.swift; path = ExtrasCGRect.swift; sourceTree = "<group>"; };
		C08E63792271B27C00416D19 /* ExtrasUIView.swift */ = {isa = PBXFileReference; fileEncoding = 4; lastKnownFileType = sourcecode.swift; path = ExtrasUIView.swift; sourceTree = "<group>"; };
		C08E637A2271B27C00416D19 /* ExtrasUIView+Shake.swift */ = {isa = PBXFileReference; fileEncoding = 4; lastKnownFileType = sourcecode.swift; path = "ExtrasUIView+Shake.swift"; sourceTree = "<group>"; };
		C08E637B2271B27C00416D19 /* ExtrasUIView+Snapshot.swift */ = {isa = PBXFileReference; fileEncoding = 4; lastKnownFileType = sourcecode.swift; path = "ExtrasUIView+Snapshot.swift"; sourceTree = "<group>"; };
		C08E637C2271B27C00416D19 /* ExtrasUIView+Frame.swift */ = {isa = PBXFileReference; fileEncoding = 4; lastKnownFileType = sourcecode.swift; path = "ExtrasUIView+Frame.swift"; sourceTree = "<group>"; };
		C08E637D2271B27C00416D19 /* ExtrasUIView+ApplyText.swift */ = {isa = PBXFileReference; fileEncoding = 4; lastKnownFileType = sourcecode.swift; path = "ExtrasUIView+ApplyText.swift"; sourceTree = "<group>"; };
		C08E637E2271B27C00416D19 /* ExtrasUIView+HiddenAnimations.swift */ = {isa = PBXFileReference; fileEncoding = 4; lastKnownFileType = sourcecode.swift; path = "ExtrasUIView+HiddenAnimations.swift"; sourceTree = "<group>"; };
		C08E63972271B38E00416D19 /* ExtrasUIView+ScrollView.swift */ = {isa = PBXFileReference; fileEncoding = 4; lastKnownFileType = sourcecode.swift; path = "ExtrasUIView+ScrollView.swift"; sourceTree = "<group>"; };
		C08E63992271B55A00416D19 /* ExtrasUIView+Keyboard.swift */ = {isa = PBXFileReference; fileEncoding = 4; lastKnownFileType = sourcecode.swift; path = "ExtrasUIView+Keyboard.swift"; sourceTree = "<group>"; };
		C08E639B2272E9F700416D19 /* Equation.swift */ = {isa = PBXFileReference; lastKnownFileType = sourcecode.swift; path = Equation.swift; sourceTree = "<group>"; };
		C08E639D22732A9500416D19 /* MathEquationViewController.swift */ = {isa = PBXFileReference; lastKnownFileType = sourcecode.swift; path = MathEquationViewController.swift; sourceTree = "<group>"; };
		C0BD61AE225F7D8100E48081 /* MathPortal.app */ = {isa = PBXFileReference; explicitFileType = wrapper.application; includeInIndex = 0; path = MathPortal.app; sourceTree = BUILT_PRODUCTS_DIR; };
		C0BD61B1225F7D8100E48081 /* AppDelegate.swift */ = {isa = PBXFileReference; lastKnownFileType = sourcecode.swift; path = AppDelegate.swift; sourceTree = "<group>"; };
		C0BD61B3225F7D8100E48081 /* ViewController.swift */ = {isa = PBXFileReference; lastKnownFileType = sourcecode.swift; path = ViewController.swift; sourceTree = "<group>"; };
		C0BD61B6225F7D8100E48081 /* Base */ = {isa = PBXFileReference; lastKnownFileType = file.storyboard; name = Base; path = Base.lproj/Main.storyboard; sourceTree = "<group>"; };
		C0BD61B8225F7D8300E48081 /* Assets.xcassets */ = {isa = PBXFileReference; lastKnownFileType = folder.assetcatalog; path = Assets.xcassets; sourceTree = "<group>"; };
		C0BD61BB225F7D8300E48081 /* Base */ = {isa = PBXFileReference; lastKnownFileType = file.storyboard; name = Base; path = Base.lproj/LaunchScreen.storyboard; sourceTree = "<group>"; };
		C0BD61BD225F7D8300E48081 /* Info.plist */ = {isa = PBXFileReference; lastKnownFileType = text.plist.xml; path = Info.plist; sourceTree = "<group>"; };
		C0BD61C9226379B500E48081 /* LogInViewController.swift */ = {isa = PBXFileReference; lastKnownFileType = sourcecode.swift; path = LogInViewController.swift; sourceTree = "<group>"; };
		C0BD61CC22637FCA00E48081 /* LoadingViewController.swift */ = {isa = PBXFileReference; fileEncoding = 4; lastKnownFileType = sourcecode.swift; path = LoadingViewController.swift; sourceTree = "<group>"; };
		C0BD61CE2263800A00E48081 /* Loading.storyboard */ = {isa = PBXFileReference; fileEncoding = 4; lastKnownFileType = file.storyboard; path = Loading.storyboard; sourceTree = "<group>"; };
		C0BD61D02263849500E48081 /* LoggedInViewController.swift */ = {isa = PBXFileReference; lastKnownFileType = sourcecode.swift; path = LoggedInViewController.swift; sourceTree = "<group>"; };
		C0BD61D22263895E00E48081 /* ErrorMessage.swift */ = {isa = PBXFileReference; lastKnownFileType = sourcecode.swift; path = ErrorMessage.swift; sourceTree = "<group>"; };
		C0BD61D52263BEA000E48081 /* R.generated.swift */ = {isa = PBXFileReference; fileEncoding = 4; lastKnownFileType = sourcecode.swift; path = R.generated.swift; sourceTree = "<group>"; };
		C0BD61D922645A4300E48081 /* ParseManager.swift */ = {isa = PBXFileReference; lastKnownFileType = sourcecode.swift; path = ParseManager.swift; sourceTree = "<group>"; };
		C0BD61DC226475DC00E48081 /* Appearence.swift */ = {isa = PBXFileReference; fileEncoding = 4; lastKnownFileType = sourcecode.swift; path = Appearence.swift; sourceTree = "<group>"; };
		C0BD61DE2264829A00E48081 /* LoggedInViewControllerTableViewCell.swift */ = {isa = PBXFileReference; lastKnownFileType = sourcecode.swift; path = LoggedInViewControllerTableViewCell.swift; sourceTree = "<group>"; };
		C0BD61E0226485E100E48081 /* TaskViewController.swift */ = {isa = PBXFileReference; lastKnownFileType = sourcecode.swift; path = TaskViewController.swift; sourceTree = "<group>"; };
		C0BD61EA226720ED00E48081 /* Task.swift */ = {isa = PBXFileReference; lastKnownFileType = sourcecode.swift; path = Task.swift; sourceTree = "<group>"; };
		C0BD61EC2267213800E48081 /* ParseObject.swift */ = {isa = PBXFileReference; lastKnownFileType = sourcecode.swift; path = ParseObject.swift; sourceTree = "<group>"; };
		C0BD61EE226735ED00E48081 /* User.swift */ = {isa = PBXFileReference; lastKnownFileType = sourcecode.swift; path = User.swift; sourceTree = "<group>"; };
		D2D4A61069A935A2A9FAC989 /* Pods-MathPortal.debug.xcconfig */ = {isa = PBXFileReference; includeInIndex = 1; lastKnownFileType = text.xcconfig; name = "Pods-MathPortal.debug.xcconfig"; path = "Target Support Files/Pods-MathPortal/Pods-MathPortal.debug.xcconfig"; sourceTree = "<group>"; };
/* End PBXFileReference section */

/* Begin PBXFrameworksBuildPhase section */
		C0BD61AB225F7D8100E48081 /* Frameworks */ = {
			isa = PBXFrameworksBuildPhase;
			buildActionMask = 2147483647;
			files = (
				F93D774708A2C343CD454B9F /* Pods_MathPortal.framework in Frameworks */,
			);
			runOnlyForDeploymentPostprocessing = 0;
		};
/* End PBXFrameworksBuildPhase section */

/* Begin PBXGroup section */
		12A0D596BBBF10B133EF84AB /* Frameworks */ = {
			isa = PBXGroup;
			children = (
				7DA3067A6E73B798E2BC9266 /* Pods_MathPortal.framework */,
			);
			name = Frameworks;
			sourceTree = "<group>";
		};
		21DEF43FD7C7A7C081AF5304 /* Pods */ = {
			isa = PBXGroup;
			children = (
				D2D4A61069A935A2A9FAC989 /* Pods-MathPortal.debug.xcconfig */,
				AF6DD9B84DA0E639CB01DA22 /* Pods-MathPortal.release.xcconfig */,
			);
			path = Pods;
			sourceTree = "<group>";
		};
		C08E63642271B27C00416D19 /* Extras Wrappers */ = {
			isa = PBXGroup;
			children = (
				C08E63652271B27C00416D19 /* Color */,
				C08E63682271B27C00416D19 /* Path */,
				C08E636B2271B27C00416D19 /* Date */,
				C08E636E2271B27C00416D19 /* CGPoint */,
				C08E63712271B27C00416D19 /* CGFloat */,
				C08E63752271B27C00416D19 /* CGRect */,
				C08E63782271B27C00416D19 /* View */,
			);
			path = "Extras Wrappers";
			sourceTree = "<group>";
		};
		C08E63652271B27C00416D19 /* Color */ = {
			isa = PBXGroup;
			children = (
				C08E63662271B27C00416D19 /* ExtrasColor+Conversions.swift */,
				C08E63672271B27C00416D19 /* ExtrasColor.swift */,
			);
			path = Color;
			sourceTree = "<group>";
		};
		C08E63682271B27C00416D19 /* Path */ = {
			isa = PBXGroup;
			children = (
				C08E63692271B27C00416D19 /* ExtrasUIBezierPath+Lines.swift */,
				C08E636A2271B27C00416D19 /* ExtrasUIBezierPath.swift */,
			);
			path = Path;
			sourceTree = "<group>";
		};
		C08E636B2271B27C00416D19 /* Date */ = {
			isa = PBXGroup;
			children = (
				C08E636C2271B27C00416D19 /* ExtrasDate+Tools.swift */,
				C08E636D2271B27C00416D19 /* ExtrasDate.swift */,
			);
			path = Date;
			sourceTree = "<group>";
		};
		C08E636E2271B27C00416D19 /* CGPoint */ = {
			isa = PBXGroup;
			children = (
				C08E636F2271B27C00416D19 /* ExtrasCGPoint.swift */,
				C08E63702271B27C00416D19 /* ExtrasCGPoint+Common.swift */,
			);
			path = CGPoint;
			sourceTree = "<group>";
		};
		C08E63712271B27C00416D19 /* CGFloat */ = {
			isa = PBXGroup;
			children = (
				C08E63722271B27C00416D19 /* ExtrasCGFloat+Random.swift */,
				C08E63732271B27C00416D19 /* ExtrasCGFloat.swift */,
				C08E63742271B27C00416D19 /* ExtrasCGFloat+Formatting.swift */,
			);
			path = CGFloat;
			sourceTree = "<group>";
		};
		C08E63752271B27C00416D19 /* CGRect */ = {
			isa = PBXGroup;
			children = (
				C08E63762271B27C00416D19 /* ExtrasCGRect+Common.swift */,
				C08E63772271B27C00416D19 /* ExtrasCGRect.swift */,
			);
			path = CGRect;
			sourceTree = "<group>";
		};
		C08E63782271B27C00416D19 /* View */ = {
			isa = PBXGroup;
			children = (
				C08E63792271B27C00416D19 /* ExtrasUIView.swift */,
				C08E63972271B38E00416D19 /* ExtrasUIView+ScrollView.swift */,
				C08E63992271B55A00416D19 /* ExtrasUIView+Keyboard.swift */,
				C08E637A2271B27C00416D19 /* ExtrasUIView+Shake.swift */,
				C08E637B2271B27C00416D19 /* ExtrasUIView+Snapshot.swift */,
				C08E637C2271B27C00416D19 /* ExtrasUIView+Frame.swift */,
				C08E637D2271B27C00416D19 /* ExtrasUIView+ApplyText.swift */,
				C08E637E2271B27C00416D19 /* ExtrasUIView+HiddenAnimations.swift */,
			);
			path = View;
			sourceTree = "<group>";
		};
		C0BD61A5225F7D8100E48081 = {
			isa = PBXGroup;
			children = (
				C0BD61D52263BEA000E48081 /* R.generated.swift */,
				C0BD61B0225F7D8100E48081 /* MathPortal */,
				C0BD61AF225F7D8100E48081 /* Products */,
				21DEF43FD7C7A7C081AF5304 /* Pods */,
				12A0D596BBBF10B133EF84AB /* Frameworks */,
			);
			sourceTree = "<group>";
		};
		C0BD61AF225F7D8100E48081 /* Products */ = {
			isa = PBXGroup;
			children = (
				C0BD61AE225F7D8100E48081 /* MathPortal.app */,
			);
			name = Products;
			sourceTree = "<group>";
		};
		C0BD61B0225F7D8100E48081 /* MathPortal */ = {
			isa = PBXGroup;
			children = (
				C0BD61C4225F7F1C00E48081 /* Resources */,
				C0BD61C3225F7F1100E48081 /* Source */,
				C0BD61BD225F7D8300E48081 /* Info.plist */,
			);
			path = MathPortal;
			sourceTree = "<group>";
		};
		C0BD61C3225F7F1100E48081 /* Source */ = {
			isa = PBXGroup;
			children = (
				C0BD61E52267061100E48081 /* Dialog */,
				C0BD61E22265F64600E48081 /* Data */,
				C0BD61D822645A0800E48081 /* API */,
				C0BD61D72263C55E00E48081 /* UserInterface */,
				C0BD61CB22637FB600E48081 /* Tools */,
				C0BD61C6225FD8B600E48081 /* Main */,
			);
			path = Source;
			sourceTree = "<group>";
		};
		C0BD61C4225F7F1C00E48081 /* Resources */ = {
			isa = PBXGroup;
			children = (
				C0BD61B8225F7D8300E48081 /* Assets.xcassets */,
			);
			path = Resources;
			sourceTree = "<group>";
		};
		C0BD61C6225FD8B600E48081 /* Main */ = {
			isa = PBXGroup;
			children = (
				C0BD61B1225F7D8100E48081 /* AppDelegate.swift */,
			);
			path = Main;
			sourceTree = "<group>";
		};
		C0BD61CB22637FB600E48081 /* Tools */ = {
			isa = PBXGroup;
			children = (
				C08E63642271B27C00416D19 /* Extras Wrappers */,
				C0BD61DC226475DC00E48081 /* Appearence.swift */,
				C08E63522269EA3400416D19 /* ContentControllerOverlay.swift */,
				C08E63542269EA3400416D19 /* ContentControllerView.swift */,
				C08E63532269EA3400416D19 /* CustomView.swift */,
				C0BD61D22263895E00E48081 /* ErrorMessage.swift */,
				C08E63602271822800416D19 /* KeyboardManager.swift */,
			);
			path = Tools;
			sourceTree = "<group>";
		};
		C0BD61D72263C55E00E48081 /* UserInterface */ = {
			isa = PBXGroup;
			children = (
				C0BD61B3225F7D8100E48081 /* ViewController.swift */,
				C0BD61C9226379B500E48081 /* LogInViewController.swift */,
				C0BD61D02263849500E48081 /* LoggedInViewController.swift */,
				C0BD61DE2264829A00E48081 /* LoggedInViewControllerTableViewCell.swift */,
				C0BD61E0226485E100E48081 /* TaskViewController.swift */,
				C0BD61B5225F7D8100E48081 /* Main.storyboard */,
				C0BD61BA225F7D8300E48081 /* LaunchScreen.storyboard */,
				C08E639D22732A9500416D19 /* MathEquationViewController.swift */,
			);
			path = UserInterface;
			sourceTree = "<group>";
		};
		C0BD61D822645A0800E48081 /* API */ = {
			isa = PBXGroup;
			children = (
				C0BD61D922645A4300E48081 /* ParseManager.swift */,
				C0BD61EC2267213800E48081 /* ParseObject.swift */,
			);
			path = API;
			sourceTree = "<group>";
		};
		C0BD61E22265F64600E48081 /* Data */ = {
			isa = PBXGroup;
			children = (
				C08E635A226CE5A800416D19 /* KeyboardButtons.swift */,
				C0BD61EA226720ED00E48081 /* Task.swift */,
				C0BD61EE226735ED00E48081 /* User.swift */,
				C08E639B2272E9F700416D19 /* Equation.swift */,
			);
			path = Data;
			sourceTree = "<group>";
		};
		C0BD61E52267061100E48081 /* Dialog */ = {
			isa = PBXGroup;
			children = (
				C0BD61CC22637FCA00E48081 /* LoadingViewController.swift */,
				C0BD61CE2263800A00E48081 /* Loading.storyboard */,
				C08E634E2269E53E00416D19 /* CustomKeyboardViewController.swift */,
				C08E63582269EE4000416D19 /* CustomKeyboardCollectionViewCell.swift */,
				C08E634C2269E52100416D19 /* CustomKeyboard.storyboard */,
			);
			path = Dialog;
			sourceTree = "<group>";
		};
/* End PBXGroup section */

/* Begin PBXNativeTarget section */
		C0BD61AD225F7D8100E48081 /* MathPortal */ = {
			isa = PBXNativeTarget;
			buildConfigurationList = C0BD61C0225F7D8300E48081 /* Build configuration list for PBXNativeTarget "MathPortal" */;
			buildPhases = (
				342418385486B5E73574AE89 /* [CP] Check Pods Manifest.lock */,
				C0BD61D42263BD1200E48081 /* ShellScript */,
				C0BD61AA225F7D8100E48081 /* Sources */,
				C0BD61AB225F7D8100E48081 /* Frameworks */,
				C0BD61AC225F7D8100E48081 /* Resources */,
				6443D8213E4B60AE91F01AEA /* [CP] Embed Pods Frameworks */,
			);
			buildRules = (
			);
			dependencies = (
			);
			name = MathPortal;
			productName = MathPortal;
			productReference = C0BD61AE225F7D8100E48081 /* MathPortal.app */;
			productType = "com.apple.product-type.application";
		};
/* End PBXNativeTarget section */

/* Begin PBXProject section */
		C0BD61A6225F7D8100E48081 /* Project object */ = {
			isa = PBXProject;
			attributes = {
				LastSwiftUpdateCheck = 1020;
				LastUpgradeCheck = 1020;
				ORGANIZATIONNAME = "Petra Čačkov";
				TargetAttributes = {
					C0BD61AD225F7D8100E48081 = {
						CreatedOnToolsVersion = 10.2;
					};
				};
			};
			buildConfigurationList = C0BD61A9225F7D8100E48081 /* Build configuration list for PBXProject "MathPortal" */;
			compatibilityVersion = "Xcode 9.3";
			developmentRegion = en;
			hasScannedForEncodings = 0;
			knownRegions = (
				en,
				Base,
			);
			mainGroup = C0BD61A5225F7D8100E48081;
			productRefGroup = C0BD61AF225F7D8100E48081 /* Products */;
			projectDirPath = "";
			projectRoot = "";
			targets = (
				C0BD61AD225F7D8100E48081 /* MathPortal */,
			);
		};
/* End PBXProject section */

/* Begin PBXResourcesBuildPhase section */
		C0BD61AC225F7D8100E48081 /* Resources */ = {
			isa = PBXResourcesBuildPhase;
			buildActionMask = 2147483647;
			files = (
				C08E634D2269E52100416D19 /* CustomKeyboard.storyboard in Resources */,
				C0BD61BC225F7D8300E48081 /* LaunchScreen.storyboard in Resources */,
				C0BD61B9225F7D8300E48081 /* Assets.xcassets in Resources */,
				C0BD61B7225F7D8100E48081 /* Main.storyboard in Resources */,
				C0BD61CF2263800A00E48081 /* Loading.storyboard in Resources */,
			);
			runOnlyForDeploymentPostprocessing = 0;
		};
/* End PBXResourcesBuildPhase section */

/* Begin PBXShellScriptBuildPhase section */
		342418385486B5E73574AE89 /* [CP] Check Pods Manifest.lock */ = {
			isa = PBXShellScriptBuildPhase;
			buildActionMask = 2147483647;
			files = (
			);
			inputFileListPaths = (
			);
			inputPaths = (
				"${PODS_PODFILE_DIR_PATH}/Podfile.lock",
				"${PODS_ROOT}/Manifest.lock",
			);
			name = "[CP] Check Pods Manifest.lock";
			outputFileListPaths = (
			);
			outputPaths = (
				"$(DERIVED_FILE_DIR)/Pods-MathPortal-checkManifestLockResult.txt",
			);
			runOnlyForDeploymentPostprocessing = 0;
			shellPath = /bin/sh;
			shellScript = "diff \"${PODS_PODFILE_DIR_PATH}/Podfile.lock\" \"${PODS_ROOT}/Manifest.lock\" > /dev/null\nif [ $? != 0 ] ; then\n    # print error to STDERR\n    echo \"error: The sandbox is not in sync with the Podfile.lock. Run 'pod install' or update your CocoaPods installation.\" >&2\n    exit 1\nfi\n# This output is used by Xcode 'outputs' to avoid re-running this script phase.\necho \"SUCCESS\" > \"${SCRIPT_OUTPUT_FILE_0}\"\n";
			showEnvVarsInLog = 0;
		};
		6443D8213E4B60AE91F01AEA /* [CP] Embed Pods Frameworks */ = {
			isa = PBXShellScriptBuildPhase;
			buildActionMask = 2147483647;
			files = (
			);
			inputFileListPaths = (
			);
			inputPaths = (
				"${PODS_ROOT}/Target Support Files/Pods-MathPortal/Pods-MathPortal-frameworks.sh",
				"${BUILT_PRODUCTS_DIR}/Bolts/Bolts.framework",
				"${BUILT_PRODUCTS_DIR}/Parse/Parse.framework",
				"${BUILT_PRODUCTS_DIR}/R.swift.Library/Rswift.framework",
			);
			name = "[CP] Embed Pods Frameworks";
			outputFileListPaths = (
			);
			outputPaths = (
				"${TARGET_BUILD_DIR}/${FRAMEWORKS_FOLDER_PATH}/Bolts.framework",
				"${TARGET_BUILD_DIR}/${FRAMEWORKS_FOLDER_PATH}/Parse.framework",
				"${TARGET_BUILD_DIR}/${FRAMEWORKS_FOLDER_PATH}/Rswift.framework",
			);
			runOnlyForDeploymentPostprocessing = 0;
			shellPath = /bin/sh;
			shellScript = "\"${PODS_ROOT}/Target Support Files/Pods-MathPortal/Pods-MathPortal-frameworks.sh\"\n";
			showEnvVarsInLog = 0;
		};
		C0BD61D42263BD1200E48081 /* ShellScript */ = {
			isa = PBXShellScriptBuildPhase;
			buildActionMask = 2147483647;
			files = (
			);
			inputFileListPaths = (
			);
			inputPaths = (
				"$TEMP_DIR/rswift-lastrun",
			);
			outputFileListPaths = (
			);
			outputPaths = (
				$SRCROOT/R.generated.swift,
			);
			runOnlyForDeploymentPostprocessing = 0;
			shellPath = /bin/sh;
			shellScript = "# Type a script or drag a script file from your workspace to insert its path.\n\"$PODS_ROOT/R.swift/rswift\" generate \"$SRCROOT/R.generated.swift\"\n";
		};
/* End PBXShellScriptBuildPhase section */

/* Begin PBXSourcesBuildPhase section */
		C0BD61AA225F7D8100E48081 /* Sources */ = {
			isa = PBXSourcesBuildPhase;
			buildActionMask = 2147483647;
			files = (
				C08E63572269EA3400416D19 /* ContentControllerView.swift in Sources */,
				C08E638C2271B27C00416D19 /* ExtrasUIView.swift in Sources */,
				C0BD61B4225F7D8100E48081 /* ViewController.swift in Sources */,
				C08E63812271B27C00416D19 /* ExtrasUIBezierPath+Lines.swift in Sources */,
				C08E63802271B27C00416D19 /* ExtrasColor.swift in Sources */,
				C0BD61DF2264829A00E48081 /* LoggedInViewControllerTableViewCell.swift in Sources */,
				C08E638D2271B27C00416D19 /* ExtrasUIView+Shake.swift in Sources */,
				C08E63882271B27C00416D19 /* ExtrasCGFloat.swift in Sources */,
				C08E63832271B27C00416D19 /* ExtrasDate+Tools.swift in Sources */,
				C0BD61D62263BEA000E48081 /* R.generated.swift in Sources */,
				C08E63892271B27C00416D19 /* ExtrasCGFloat+Formatting.swift in Sources */,
				C08E63982271B38E00416D19 /* ExtrasUIView+ScrollView.swift in Sources */,
				C0BD61D12263849500E48081 /* LoggedInViewController.swift in Sources */,
				C08E63822271B27C00416D19 /* ExtrasUIBezierPath.swift in Sources */,
				C0BD61EB226720ED00E48081 /* Task.swift in Sources */,
				C08E639A2271B55A00416D19 /* ExtrasUIView+Keyboard.swift in Sources */,
				C0BD61DD226475DC00E48081 /* Appearence.swift in Sources */,
				C0BD61EF226735ED00E48081 /* User.swift in Sources */,
				C0BD61DA22645A4300E48081 /* ParseManager.swift in Sources */,
				C08E63872271B27C00416D19 /* ExtrasCGFloat+Random.swift in Sources */,
				C0BD61B2225F7D8100E48081 /* AppDelegate.swift in Sources */,
				C08E637F2271B27C00416D19 /* ExtrasColor+Conversions.swift in Sources */,
				C08E63912271B27C00416D19 /* ExtrasUIView+HiddenAnimations.swift in Sources */,
				C08E63862271B27C00416D19 /* ExtrasCGPoint+Common.swift in Sources */,
				C08E63842271B27C00416D19 /* ExtrasDate.swift in Sources */,
				C08E63562269EA3400416D19 /* CustomView.swift in Sources */,
				C08E63852271B27C00416D19 /* ExtrasCGPoint.swift in Sources */,
				C08E638E2271B27C00416D19 /* ExtrasUIView+Snapshot.swift in Sources */,
				C08E639E22732A9500416D19 /* MathEquationViewController.swift in Sources */,
				C08E634F2269E53E00416D19 /* CustomKeyboardViewController.swift in Sources */,
				C08E63552269EA3400416D19 /* ContentControllerOverlay.swift in Sources */,
				C08E639C2272E9F700416D19 /* Equation.swift in Sources */,
				C08E638B2271B27C00416D19 /* ExtrasCGRect.swift in Sources */,
				C0BD61CA226379B500E48081 /* LogInViewController.swift in Sources */,
				C08E635B226CE5A800416D19 /* KeyboardButtons.swift in Sources */,
				C08E638A2271B27C00416D19 /* ExtrasCGRect+Common.swift in Sources */,
				C0BD61D32263895E00E48081 /* ErrorMessage.swift in Sources */,
				C0BD61ED2267213800E48081 /* ParseObject.swift in Sources */,
				C08E63612271822800416D19 /* KeyboardManager.swift in Sources */,
				C08E638F2271B27C00416D19 /* ExtrasUIView+Frame.swift in Sources */,
				C0BD61E1226485E100E48081 /* TaskViewController.swift in Sources */,
				C08E63902271B27C00416D19 /* ExtrasUIView+ApplyText.swift in Sources */,
				C0BD61CD22637FCA00E48081 /* LoadingViewController.swift in Sources */,
				C08E63592269EE4000416D19 /* CustomKeyboardCollectionViewCell.swift in Sources */,
			);
			runOnlyForDeploymentPostprocessing = 0;
		};
/* End PBXSourcesBuildPhase section */

/* Begin PBXVariantGroup section */
		C0BD61B5225F7D8100E48081 /* Main.storyboard */ = {
			isa = PBXVariantGroup;
			children = (
				C0BD61B6225F7D8100E48081 /* Base */,
			);
			name = Main.storyboard;
			sourceTree = "<group>";
		};
		C0BD61BA225F7D8300E48081 /* LaunchScreen.storyboard */ = {
			isa = PBXVariantGroup;
			children = (
				C0BD61BB225F7D8300E48081 /* Base */,
			);
			name = LaunchScreen.storyboard;
			sourceTree = "<group>";
		};
/* End PBXVariantGroup section */

/* Begin XCBuildConfiguration section */
		C0BD61BE225F7D8300E48081 /* Debug */ = {
			isa = XCBuildConfiguration;
			buildSettings = {
				ALWAYS_SEARCH_USER_PATHS = NO;
				CLANG_ANALYZER_NONNULL = YES;
				CLANG_ANALYZER_NUMBER_OBJECT_CONVERSION = YES_AGGRESSIVE;
				CLANG_CXX_LANGUAGE_STANDARD = "gnu++14";
				CLANG_CXX_LIBRARY = "libc++";
				CLANG_ENABLE_MODULES = YES;
				CLANG_ENABLE_OBJC_ARC = YES;
				CLANG_ENABLE_OBJC_WEAK = YES;
				CLANG_WARN_BLOCK_CAPTURE_AUTORELEASING = YES;
				CLANG_WARN_BOOL_CONVERSION = YES;
				CLANG_WARN_COMMA = YES;
				CLANG_WARN_CONSTANT_CONVERSION = YES;
				CLANG_WARN_DEPRECATED_OBJC_IMPLEMENTATIONS = YES;
				CLANG_WARN_DIRECT_OBJC_ISA_USAGE = YES_ERROR;
				CLANG_WARN_DOCUMENTATION_COMMENTS = YES;
				CLANG_WARN_EMPTY_BODY = YES;
				CLANG_WARN_ENUM_CONVERSION = YES;
				CLANG_WARN_INFINITE_RECURSION = YES;
				CLANG_WARN_INT_CONVERSION = YES;
				CLANG_WARN_NON_LITERAL_NULL_CONVERSION = YES;
				CLANG_WARN_OBJC_IMPLICIT_RETAIN_SELF = YES;
				CLANG_WARN_OBJC_LITERAL_CONVERSION = YES;
				CLANG_WARN_OBJC_ROOT_CLASS = YES_ERROR;
				CLANG_WARN_RANGE_LOOP_ANALYSIS = YES;
				CLANG_WARN_STRICT_PROTOTYPES = YES;
				CLANG_WARN_SUSPICIOUS_MOVE = YES;
				CLANG_WARN_UNGUARDED_AVAILABILITY = YES_AGGRESSIVE;
				CLANG_WARN_UNREACHABLE_CODE = YES;
				CLANG_WARN__DUPLICATE_METHOD_MATCH = YES;
				CODE_SIGN_IDENTITY = "iPhone Developer";
				COPY_PHASE_STRIP = NO;
				DEBUG_INFORMATION_FORMAT = dwarf;
				ENABLE_STRICT_OBJC_MSGSEND = YES;
				ENABLE_TESTABILITY = YES;
				GCC_C_LANGUAGE_STANDARD = gnu11;
				GCC_DYNAMIC_NO_PIC = NO;
				GCC_NO_COMMON_BLOCKS = YES;
				GCC_OPTIMIZATION_LEVEL = 0;
				GCC_PREPROCESSOR_DEFINITIONS = (
					"DEBUG=1",
					"$(inherited)",
				);
				GCC_WARN_64_TO_32_BIT_CONVERSION = YES;
				GCC_WARN_ABOUT_RETURN_TYPE = YES_ERROR;
				GCC_WARN_UNDECLARED_SELECTOR = YES;
				GCC_WARN_UNINITIALIZED_AUTOS = YES_AGGRESSIVE;
				GCC_WARN_UNUSED_FUNCTION = YES;
				GCC_WARN_UNUSED_VARIABLE = YES;
				IPHONEOS_DEPLOYMENT_TARGET = 12.2;
				MTL_ENABLE_DEBUG_INFO = INCLUDE_SOURCE;
				MTL_FAST_MATH = YES;
				ONLY_ACTIVE_ARCH = YES;
				SDKROOT = iphoneos;
				SWIFT_ACTIVE_COMPILATION_CONDITIONS = DEBUG;
				SWIFT_OPTIMIZATION_LEVEL = "-Onone";
			};
			name = Debug;
		};
		C0BD61BF225F7D8300E48081 /* Release */ = {
			isa = XCBuildConfiguration;
			buildSettings = {
				ALWAYS_SEARCH_USER_PATHS = NO;
				CLANG_ANALYZER_NONNULL = YES;
				CLANG_ANALYZER_NUMBER_OBJECT_CONVERSION = YES_AGGRESSIVE;
				CLANG_CXX_LANGUAGE_STANDARD = "gnu++14";
				CLANG_CXX_LIBRARY = "libc++";
				CLANG_ENABLE_MODULES = YES;
				CLANG_ENABLE_OBJC_ARC = YES;
				CLANG_ENABLE_OBJC_WEAK = YES;
				CLANG_WARN_BLOCK_CAPTURE_AUTORELEASING = YES;
				CLANG_WARN_BOOL_CONVERSION = YES;
				CLANG_WARN_COMMA = YES;
				CLANG_WARN_CONSTANT_CONVERSION = YES;
				CLANG_WARN_DEPRECATED_OBJC_IMPLEMENTATIONS = YES;
				CLANG_WARN_DIRECT_OBJC_ISA_USAGE = YES_ERROR;
				CLANG_WARN_DOCUMENTATION_COMMENTS = YES;
				CLANG_WARN_EMPTY_BODY = YES;
				CLANG_WARN_ENUM_CONVERSION = YES;
				CLANG_WARN_INFINITE_RECURSION = YES;
				CLANG_WARN_INT_CONVERSION = YES;
				CLANG_WARN_NON_LITERAL_NULL_CONVERSION = YES;
				CLANG_WARN_OBJC_IMPLICIT_RETAIN_SELF = YES;
				CLANG_WARN_OBJC_LITERAL_CONVERSION = YES;
				CLANG_WARN_OBJC_ROOT_CLASS = YES_ERROR;
				CLANG_WARN_RANGE_LOOP_ANALYSIS = YES;
				CLANG_WARN_STRICT_PROTOTYPES = YES;
				CLANG_WARN_SUSPICIOUS_MOVE = YES;
				CLANG_WARN_UNGUARDED_AVAILABILITY = YES_AGGRESSIVE;
				CLANG_WARN_UNREACHABLE_CODE = YES;
				CLANG_WARN__DUPLICATE_METHOD_MATCH = YES;
				CODE_SIGN_IDENTITY = "iPhone Developer";
				COPY_PHASE_STRIP = NO;
				DEBUG_INFORMATION_FORMAT = "dwarf-with-dsym";
				ENABLE_NS_ASSERTIONS = NO;
				ENABLE_STRICT_OBJC_MSGSEND = YES;
				GCC_C_LANGUAGE_STANDARD = gnu11;
				GCC_NO_COMMON_BLOCKS = YES;
				GCC_WARN_64_TO_32_BIT_CONVERSION = YES;
				GCC_WARN_ABOUT_RETURN_TYPE = YES_ERROR;
				GCC_WARN_UNDECLARED_SELECTOR = YES;
				GCC_WARN_UNINITIALIZED_AUTOS = YES_AGGRESSIVE;
				GCC_WARN_UNUSED_FUNCTION = YES;
				GCC_WARN_UNUSED_VARIABLE = YES;
				IPHONEOS_DEPLOYMENT_TARGET = 12.2;
				MTL_ENABLE_DEBUG_INFO = NO;
				MTL_FAST_MATH = YES;
				SDKROOT = iphoneos;
				SWIFT_COMPILATION_MODE = wholemodule;
				SWIFT_OPTIMIZATION_LEVEL = "-O";
				VALIDATE_PRODUCT = YES;
			};
			name = Release;
		};
		C0BD61C1225F7D8300E48081 /* Debug */ = {
			isa = XCBuildConfiguration;
			baseConfigurationReference = D2D4A61069A935A2A9FAC989 /* Pods-MathPortal.debug.xcconfig */;
			buildSettings = {
				ASSETCATALOG_COMPILER_APPICON_NAME = AppIcon;
				CODE_SIGN_STYLE = Automatic;
				INFOPLIST_FILE = MathPortal/Info.plist;
				LD_RUNPATH_SEARCH_PATHS = (
					"$(inherited)",
					"@executable_path/Frameworks",
				);
				PRODUCT_BUNDLE_IDENTIFIER = com.petra.PetrasWorkspace.MathPortal;
				PRODUCT_NAME = "$(TARGET_NAME)";
				SWIFT_VERSION = 5.0;
				TARGETED_DEVICE_FAMILY = "1,2";
			};
			name = Debug;
		};
		C0BD61C2225F7D8300E48081 /* Release */ = {
			isa = XCBuildConfiguration;
			baseConfigurationReference = AF6DD9B84DA0E639CB01DA22 /* Pods-MathPortal.release.xcconfig */;
			buildSettings = {
				ASSETCATALOG_COMPILER_APPICON_NAME = AppIcon;
				CODE_SIGN_STYLE = Automatic;
				INFOPLIST_FILE = MathPortal/Info.plist;
				LD_RUNPATH_SEARCH_PATHS = (
					"$(inherited)",
					"@executable_path/Frameworks",
				);
				PRODUCT_BUNDLE_IDENTIFIER = com.petra.PetrasWorkspace.MathPortal;
				PRODUCT_NAME = "$(TARGET_NAME)";
				SWIFT_VERSION = 5.0;
				TARGETED_DEVICE_FAMILY = "1,2";
			};
			name = Release;
		};
/* End XCBuildConfiguration section */

/* Begin XCConfigurationList section */
		C0BD61A9225F7D8100E48081 /* Build configuration list for PBXProject "MathPortal" */ = {
			isa = XCConfigurationList;
			buildConfigurations = (
				C0BD61BE225F7D8300E48081 /* Debug */,
				C0BD61BF225F7D8300E48081 /* Release */,
			);
			defaultConfigurationIsVisible = 0;
			defaultConfigurationName = Release;
		};
		C0BD61C0225F7D8300E48081 /* Build configuration list for PBXNativeTarget "MathPortal" */ = {
			isa = XCConfigurationList;
			buildConfigurations = (
				C0BD61C1225F7D8300E48081 /* Debug */,
				C0BD61C2225F7D8300E48081 /* Release */,
			);
			defaultConfigurationIsVisible = 0;
			defaultConfigurationName = Release;
		};
/* End XCConfigurationList section */
	};
	rootObject = C0BD61A6225F7D8100E48081 /* Project object */;
}
