PODS:
  - Bolts/Tasks (1.9.1)
  - Parse (1.19.3):
    - Parse/Core (= 1.19.3)
  - Parse/Core (1.19.3):
    - Bolts/Tasks (= 1.9.1)
  - R.swift (5.4.0):
    - R.swift.Library (~> 5.3.0)
  - R.swift.Library (5.3.0)

DEPENDENCIES:
  - Parse
  - R.swift (~> 5.0)

SPEC REPOS:
  trunk:
    - Bolts
    - Parse
    - R.swift
    - R.swift.Library

SPEC CHECKSUMS:
  Bolts: 8c1e8aab2f603387b8b9924f57d1d64f43d3ffdc
  Parse: 0abb63a0ff6fa34a3f64b81d595a294e2ece143a
  R.swift: c533450b0f7dc494e0993f5f1a1db925d84c3006
  R.swift.Library: 0fc583cb55a99e28901299cc451614cad1161962

PODFILE CHECKSUM: b1d94269ae4d6ac81a3a40b699c740e3adc6099b

COCOAPODS: 1.11.2
