PODS:
  - Bolts/Tasks (1.9.0)
  - Parse (1.17.3):
    - Parse/Core (= 1.17.3)
  - Parse/Core (1.17.3):
    - Bolts/Tasks (~> 1.9)
  - R.swift (5.1.0):
    - R.swift.Library (~> 5.1.0)
  - R.swift.Library (5.1.0)

DEPENDENCIES:
  - Parse
  - R.swift (~> 5.0)

SPEC REPOS:
  trunk:
    - Bolts
    - Parse
    - R.swift
    - R.swift.Library

SPEC CHECKSUMS:
  Bolts: ac6567323eac61e203f6a9763667d0f711be34c8
  Parse: c1ad2a04d2cab2b54b6fb7da05f741abf2cf57d1
  R.swift: 8cbc4fc69b740305b6a17c8a8ed968eb788962d9
  R.swift.Library: fa85ce1e0d0b7e818cd9e080df910ba54d2776cc

PODFILE CHECKSUM: b1d94269ae4d6ac81a3a40b699c740e3adc6099b

COCOAPODS: 1.8.4
